
Microsoft Visual Studio Solution File, Format Version 12.00
# Visual Studio Version 16
VisualStudioVersion = 16.0.30804.86
MinimumVisualStudioVersion = 10.0.40219.1
Project("{8BC9CEB8-8B4A-11D0-8D11-00A0C91BC942}") = "GiosDelegates", "GiosDelegates\GiosDelegates.vcxproj", "{5946BD16-69F4-42F2-B3E6-CD703D7F6A51}"
EndProject
Project("{8BC9CEB8-8B4A-11D0-8D11-00A0C91BC942}") = "DelegateExample", "DelegateExample\DelegateExample.vcxproj", "{DD5784CB-F12C-4AC1-B49D-2378A9244991}"
EndProject
Global
	GlobalSection(SolutionConfigurationPlatforms) = preSolution
		Debug|Win32 = Debug|Win32
		Debug|x64 = Debug|x64
		Release|Win32 = Release|Win32
		Release|x64 = Release|x64
	EndGlobalSection
	GlobalSection(ProjectConfigurationPlatforms) = postSolution
		{5946BD16-69F4-42F2-B3E6-CD703D7F6A51}.Debug|Win32.ActiveCfg = Debug|Win32
		{5946BD16-69F4-42F2-B3E6-CD703D7F6A51}.Debug|Win32.Build.0 = Debug|Win32
		{5946BD16-69F4-42F2-B3E6-CD703D7F6A51}.Debug|x64.ActiveCfg = Debug|x64
		{5946BD16-69F4-42F2-B3E6-CD703D7F6A51}.Debug|x64.Build.0 = Debug|x64
		{5946BD16-69F4-42F2-B3E6-CD703D7F6A51}.Release|Win32.ActiveCfg = Release|Win32
		{5946BD16-69F4-42F2-B3E6-CD703D7F6A51}.Release|Win32.Build.0 = Release|Win32
		{5946BD16-69F4-42F2-B3E6-CD703D7F6A51}.Release|x64.ActiveCfg = Release|x64
		{5946BD16-69F4-42F2-B3E6-CD703D7F6A51}.Release|x64.Build.0 = Release|x64
		{DD5784CB-F12C-4AC1-B49D-2378A9244991}.Debug|Win32.ActiveCfg = Debug|Win32
		{DD5784CB-F12C-4AC1-B49D-2378A9244991}.Debug|Win32.Build.0 = Debug|Win32
		{DD5784CB-F12C-4AC1-B49D-2378A9244991}.Debug|x64.ActiveCfg = Debug|x64
		{DD5784CB-F12C-4AC1-B49D-2378A9244991}.Debug|x64.Build.0 = Debug|x64
		{DD5784CB-F12C-4AC1-B49D-2378A9244991}.Release|Win32.ActiveCfg = Release|Win32
		{DD5784CB-F12C-4AC1-B49D-2378A9244991}.Release|Win32.Build.0 = Release|Win32
		{DD5784CB-F12C-4AC1-B49D-2378A9244991}.Release|x64.ActiveCfg = Release|x64
		{DD5784CB-F12C-4AC1-B49D-2378A9244991}.Release|x64.Build.0 = Release|x64
	EndGlobalSection
	GlobalSection(SolutionProperties) = preSolution
		HideSolutionNode = FALSE
	EndGlobalSection
	GlobalSection(ExtensibilityGlobals) = postSolution
		SolutionGuid = {25949449-96A8-4DD1-AFD8-D813782E6A14}
	EndGlobalSection
EndGlobal
